<Solution>
  <Folder Name="/Solution Items/">
    <File Path=".editorconfig" />
  </Folder>
  <Project Path="ReplaceObsolete.CodeFixes/ReplaceObsolete.CodeFixes.csproj" />
  <Project Path="ReplaceObsolete.Package/ReplaceObsolete.Package.csproj" />
  <Project Path="ReplaceObsolete.Test/ReplaceObsolete.Test.csproj" />
  <Project Path="ReplaceObsolete/ReplaceObsolete.csproj">
    <BuildType Project="Release" />
  </Project>
</Solution>
